github.com/Azure/go-ntlmssp v0.0.0-20211209120228-48547f28849e h1:ZU22z/2YRFLyf/P4ZwUYSdNCWsMEI0VeyrFoI2rAhJQ=
github.com/Azure/go-ntlmssp v0.0.0-20211209120228-48547f28849e/go.mod h1:chxPXzSsl7ZWRAuOIE23GDNzjWuZquvFlgA8xmpunjU=
github.com/denisbrodbeck/machineid v1.0.1 h1:geKr9qtkB876mXguW2X6TU4ZynleN6ezuMSRhl4D7AQ=
github.com/denisbrodbeck/machineid v1.0.1/go.mod h1:dJUwb7PTidGDeYyUBmXZ2GphQBbjJCrnectwCyxcUSI=
github.com/google/uuid v1.3.0 h1:t6JiXgmwXMjEs8VusXIJk2BXHsn+wx8BZdTaoZ5fu7I=
github.com/google/uuid v1.3.0/go.mod h1:TIyPZe4MgqvfeYDBFedMoGGpEw/LqOeaOT+nhxU+yHo=
github.com/patrickmn/go-cache v2.1.0+incompatible h1:HRMgzkcYKYpi3C8ajMPV8OFXaaRUnok+kx1WdO15EQc=
github.com/patrickmn/go-cache v2.1.0+incompatible/go.mod h1:3Qf8kWWT7OJRJbdiICTKqZju1ZixQ/KpMGzzAfe6+WQ=
golang.org/x/crypto v0.0.0-20220331220935-ae2d96664a29 h1:tkVvjkPTB7pnW3jnid7kNyAMPVWllTNOf/qKDze4p9o=
golang.org/x/crypto v0.0.0-20220331220935-ae2d96664a29/go.mod h1:IxCIyHEi3zRg3s0A5j5BB6A9Jmi73HwBIUl50j+osU4=
golang.org/x/sys v0.0.0-20220405052023-b1e9470b6e64 h1:D1v9ucDTYBtbz5vNuBbAhIMAGhQhJ6Ym5ah3maMVNX4=
golang.org/x/sys v0.0.0-20220405052023-b1e9470b6e64/go.mod h1:oPkhp1MJrh7nUepCBck5+mAzfO9JrbApNNgaTdGDITg=
